
Microsoft Visual Studio Solution File, Format Version 12.00
# Visual Studio Version 16
VisualStudioVersion = 16.0.31727.386
MinimumVisualStudioVersion = 10.0.40219.1
Project("{9A19103F-16F7-4668-BE54-9A1E7A4F7556}") = "AllinOne", "AllinOne\AllinOne.csproj", "{2009195F-CE59-41E0-A1C8-DE7992EED991}"
EndProject
Project("{FAE04EC0-301F-11D3-BF4B-00C04F79EFBC}") = "AllinOne.Tests", "AllinOne.Tests\AllinOne.Tests.csproj", "{7C045BC9-E7FB-43E0-8C86-A2EA06ABE11C}"
EndProject
Global
	GlobalSection(SolutionConfigurationPlatforms) = preSolution
		Debug|Any CPU = Debug|Any CPU
		Release|Any CPU = Release|Any CPU
	EndGlobalSection
	GlobalSection(ProjectConfigurationPlatforms) = postSolution
		{2009195F-CE59-41E0-A1C8-DE7992EED991}.Debug|Any CPU.ActiveCfg = Debug|Any CPU
		{2009195F-CE59-41E0-A1C8-DE7992EED991}.Debug|Any CPU.Build.0 = Debug|Any CPU
		{2009195F-CE59-41E0-A1C8-DE7992EED991}.Release|Any CPU.ActiveCfg = Release|Any CPU
		{2009195F-CE59-41E0-A1C8-DE7992EED991}.Release|Any CPU.Build.0 = Release|Any CPU
		{7C045BC9-E7FB-43E0-8C86-A2EA06ABE11C}.Debug|Any CPU.ActiveCfg = Debug|Any CPU
		{7C045BC9-E7FB-43E0-8C86-A2EA06ABE11C}.Debug|Any CPU.Build.0 = Debug|Any CPU
		{7C045BC9-E7FB-43E0-8C86-A2EA06ABE11C}.Release|Any CPU.ActiveCfg = Release|Any CPU
		{7C045BC9-E7FB-43E0-8C86-A2EA06ABE11C}.Release|Any CPU.Build.0 = Release|Any CPU
	EndGlobalSection
	GlobalSection(SolutionProperties) = preSolution
		HideSolutionNode = FALSE
	EndGlobalSection
	GlobalSection(ExtensibilityGlobals) = postSolution
		SolutionGuid = {A3AF6999-22AA-41DD-8DA7-4A10B08DB7B0}
	EndGlobalSection
EndGlobal
